
Microsoft Visual Studio Solution File, Format Version 12.00
# Visual Studio Version 17
VisualStudioVersion = 17.8.34525.116
MinimumVisualStudioVersion = 10.0.40219.1
Project("{FAE04EC0-301F-11D3-BF4B-00C04F79EFBC}") = "APO-PEDD", "APO-PEDD\APO-PEDD.csproj", "{A78DAFD0-CB61-4E53-8ACA-9466F173752F}"
EndProject
Global
	GlobalSection(SolutionConfigurationPlatforms) = preSolution
		Debug|Any CPU = Debug|Any CPU
		Release|Any CPU = Release|Any CPU
	EndGlobalSection
	GlobalSection(ProjectConfigurationPlatforms) = postSolution
		{A78DAFD0-CB61-4E53-8ACA-9466F173752F}.Debug|Any CPU.ActiveCfg = Debug|Any CPU
		{A78DAFD0-CB61-4E53-8ACA-9466F173752F}.Debug|Any CPU.Build.0 = Debug|Any CPU
		{A78DAFD0-CB61-4E53-8ACA-9466F173752F}.Release|Any CPU.ActiveCfg = Release|Any CPU
		{A78DAFD0-CB61-4E53-8ACA-9466F173752F}.Release|Any CPU.Build.0 = Release|Any CPU
	EndGlobalSection
	GlobalSection(SolutionProperties) = preSolution
		HideSolutionNode = FALSE
	EndGlobalSection
	GlobalSection(ExtensibilityGlobals) = postSolution
		SolutionGuid = {29971D58-4686-4F30-891D-3B17E7A2BF60}
	EndGlobalSection
EndGlobal
